{
    "_meta": {
        "hash": {
            "sha256": "64e4d69155a50fe555b74aa9eba92f5952fe3f6ace509865f930e89050d5a99e"
        },
        "pipfile-spec": 6,
        "requires": {
            "python_version": "3.9"
        },
        "sources": [
            {
                "name": "pypi",
                "url": "https://pypi.org/simple",
                "verify_ssl": true
            }
        ]
    },
    "default": {
        "azure-functions": {
            "hashes": [
                "sha256:3329bd23b16563f1871f52a8f7164f96d8998903ae64cfbd56b98b03a69167fd",
                "sha256:e6ad5f49f083754b30b6ffb16a1a6f6b41216d83ecbad26198cedda1ce6b36d0"
            ],
            "index": "pypi",
            "version": "==1.17.0"
        }
    },
    "develop": {}
}
